
Microsoft Visual Studio Solution File, Format Version 12.00
# Visual Studio Version 17
VisualStudioVersion = 17.14.36327.8 d17.14
MinimumVisualStudioVersion = 10.0.40219.1
Project("{FAE04EC0-301F-11D3-BF4B-00C04F79EFBC}") = "gitapp", "gitapp.csproj", "{860AB2D6-4D35-4DC7-AAEA-4C1B7DA0682E}"
EndProject
Global
	GlobalSection(SolutionConfigurationPlatforms) = preSolution
		Debug|Any CPU = Debug|Any CPU
		Release|Any CPU = Release|Any CPU
	EndGlobalSection
	GlobalSection(ProjectConfigurationPlatforms) = postSolution
		{860AB2D6-4D35-4DC7-AAEA-4C1B7DA0682E}.Debug|Any CPU.ActiveCfg = Debug|Any CPU
		{860AB2D6-4D35-4DC7-AAEA-4C1B7DA0682E}.Debug|Any CPU.Build.0 = Debug|Any CPU
		{860AB2D6-4D35-4DC7-AAEA-4C1B7DA0682E}.Release|Any CPU.ActiveCfg = Release|Any CPU
		{860AB2D6-4D35-4DC7-AAEA-4C1B7DA0682E}.Release|Any CPU.Build.0 = Release|Any CPU
	EndGlobalSection
	GlobalSection(SolutionProperties) = preSolution
		HideSolutionNode = FALSE
	EndGlobalSection
	GlobalSection(ExtensibilityGlobals) = postSolution
		SolutionGuid = {58F64153-1BC1-4D42-95A7-08068D0DD91E}
	EndGlobalSection
EndGlobal
